<Solution>
  <Folder Name="/Solution Items/">
    <File Path=".gitignore" />
  </Folder>
  <Project Path="GymSystemManagement.BLL/GymSystemManagement.BLL.csproj" />
  <Project Path="GymSystemmanagement.DAL/GymSystemmanagement.DAL.csproj" />
  <Project Path="GymSystemManagement/GymSystemManagement.PL.csproj" />
</Solution>
